{
  "name": "seatmark",
  "lockfileVersion": 3,
  "requires": true,
  "packages": {
    "": {
      "name": "seatmark",
      "dependencies": {
        "@edgeone/pages-blob": "^0.0.15"
      }
    },
    "node_modules/@edgeone/pages-blob": {
      "version": "0.0.15",
      "resolved": "https://registry.npmjs.org/@edgeone/pages-blob/-/pages-blob-0.0.15.tgz",
      "integrity": "sha512-03N1E3+AuLidppnMdpq0agNlGdhOiG/U9YUTFpBFse/C4kCpk8tGysPHv3/qGE8lyZVecLLnbkgn8l/OUKGu9w==",
      "license": "MIT",
      "engines": {
        "node": ">=18.0.0"
      }
    }
  }
}
